{
  "name": "kabelwerk",
  "version": "0.0.0",
  "lockfileVersion": 1,
  "requires": true,
  "dependencies": {
    "phoenix": {
      "version": "1.5.9",
      "resolved": "https://registry.npmjs.org/phoenix/-/phoenix-1.5.9.tgz",
      "integrity": "sha512-NBRQaCYIrXL/wd5+OoO+DLlNTIdRvxKat0DSkfJ/c8qwYqKK7jNrf1GWPBOPzSVJ9HNMPjgmniJ87m9Os9IQGg=="
    }
  }
}
